
Microsoft Visual Studio Solution File, Format Version 12.00
# Visual Studio Version 16
VisualStudioVersion = 16.0.29123.88
MinimumVisualStudioVersion = 10.0.40219.1
Project("{FAE04EC0-301F-11D3-BF4B-00C04F79EFBC}") = "NC_DBInterface", "NC_DBInterface\NC_DBInterface.csproj", "{357894FB-A082-43F7-9172-F2584E412C9E}"
EndProject
Project("{FAE04EC0-301F-11D3-BF4B-00C04F79EFBC}") = "NC_Datas", "NC_Datas\NC_Datas.csproj", "{CDD5E212-559C-412D-AC5D-E4C6529696FE}"
EndProject
Project("{FAE04EC0-301F-11D3-BF4B-00C04F79EFBC}") = "NC_Assets", "NC_Financial\NC_Assets.csproj", "{7A019F32-A77B-4B4D-8017-A654A365BD7B}"
EndProject
Project("{FAE04EC0-301F-11D3-BF4B-00C04F79EFBC}") = "NC_Messages", "NC_Messages\NC_Messages.csproj", "{D3843F1A-CC2C-4D22-99E6-56B45E6667D1}"
EndProject
Project("{FAE04EC0-301F-11D3-BF4B-00C04F79EFBC}") = "NC_APIProxy", "NC_APIProxy\NC_APIProxy.csproj", "{DFF9A074-CEDE-4E2D-B9AA-B6FCC432C818}"
EndProject
Global
	GlobalSection(SolutionConfigurationPlatforms) = preSolution
		Debug|Any CPU = Debug|Any CPU
		Release|Any CPU = Release|Any CPU
	EndGlobalSection
	GlobalSection(ProjectConfigurationPlatforms) = postSolution
		{357894FB-A082-43F7-9172-F2584E412C9E}.Debug|Any CPU.ActiveCfg = Debug|Any CPU
		{357894FB-A082-43F7-9172-F2584E412C9E}.Debug|Any CPU.Build.0 = Debug|Any CPU
		{357894FB-A082-43F7-9172-F2584E412C9E}.Release|Any CPU.ActiveCfg = Release|Any CPU
		{357894FB-A082-43F7-9172-F2584E412C9E}.Release|Any CPU.Build.0 = Release|Any CPU
		{CDD5E212-559C-412D-AC5D-E4C6529696FE}.Debug|Any CPU.ActiveCfg = Debug|Any CPU
		{CDD5E212-559C-412D-AC5D-E4C6529696FE}.Debug|Any CPU.Build.0 = Debug|Any CPU
		{CDD5E212-559C-412D-AC5D-E4C6529696FE}.Release|Any CPU.ActiveCfg = Release|Any CPU
		{CDD5E212-559C-412D-AC5D-E4C6529696FE}.Release|Any CPU.Build.0 = Release|Any CPU
		{7A019F32-A77B-4B4D-8017-A654A365BD7B}.Debug|Any CPU.ActiveCfg = Debug|Any CPU
		{7A019F32-A77B-4B4D-8017-A654A365BD7B}.Debug|Any CPU.Build.0 = Debug|Any CPU
		{7A019F32-A77B-4B4D-8017-A654A365BD7B}.Release|Any CPU.ActiveCfg = Release|Any CPU
		{7A019F32-A77B-4B4D-8017-A654A365BD7B}.Release|Any CPU.Build.0 = Release|Any CPU
		{D3843F1A-CC2C-4D22-99E6-56B45E6667D1}.Debug|Any CPU.ActiveCfg = Debug|Any CPU
		{D3843F1A-CC2C-4D22-99E6-56B45E6667D1}.Debug|Any CPU.Build.0 = Debug|Any CPU
		{D3843F1A-CC2C-4D22-99E6-56B45E6667D1}.Release|Any CPU.ActiveCfg = Release|Any CPU
		{D3843F1A-CC2C-4D22-99E6-56B45E6667D1}.Release|Any CPU.Build.0 = Release|Any CPU
		{DFF9A074-CEDE-4E2D-B9AA-B6FCC432C818}.Debug|Any CPU.ActiveCfg = Debug|Any CPU
		{DFF9A074-CEDE-4E2D-B9AA-B6FCC432C818}.Debug|Any CPU.Build.0 = Debug|Any CPU
		{DFF9A074-CEDE-4E2D-B9AA-B6FCC432C818}.Release|Any CPU.ActiveCfg = Release|Any CPU
		{DFF9A074-CEDE-4E2D-B9AA-B6FCC432C818}.Release|Any CPU.Build.0 = Release|Any CPU
	EndGlobalSection
	GlobalSection(SolutionProperties) = preSolution
		HideSolutionNode = FALSE
	EndGlobalSection
	GlobalSection(ExtensibilityGlobals) = postSolution
		SolutionGuid = {C23D4B02-9A8C-4845-8B28-93F05DB2AE01}
	EndGlobalSection
EndGlobal
